Microsoft Visual Studio Solution File, Format Version 12.00
# Visual Studio Version 17
VisualStudioVersion = 17.5.2.0
MinimumVisualStudioVersion = 10.0.40219.1
Project("{FAE04EC0-301F-11D3-BF4B-00C04F79EFBC}") = "OnePieceWorld", "OnePieceWorld.csproj", "{453E9B95-4FAF-9B9C-32BE-1C70DD7DB4DE}"
EndProject
Global
	GlobalSection(SolutionConfigurationPlatforms) = preSolution
		Debug|Any CPU = Debug|Any CPU
		Release|Any CPU = Release|Any CPU
	EndGlobalSection
	GlobalSection(ProjectConfigurationPlatforms) = postSolution
		{453E9B95-4FAF-9B9C-32BE-1C70DD7DB4DE}.Debug|Any CPU.ActiveCfg = Debug|Any CPU
		{453E9B95-4FAF-9B9C-32BE-1C70DD7DB4DE}.Debug|Any CPU.Build.0 = Debug|Any CPU
		{453E9B95-4FAF-9B9C-32BE-1C70DD7DB4DE}.Release|Any CPU.ActiveCfg = Release|Any CPU
		{453E9B95-4FAF-9B9C-32BE-1C70DD7DB4DE}.Release|Any CPU.Build.0 = Release|Any CPU
	EndGlobalSection
	GlobalSection(SolutionProperties) = preSolution
		HideSolutionNode = FALSE
	EndGlobalSection
	GlobalSection(ExtensibilityGlobals) = postSolution
		SolutionGuid = {81F98352-902B-4D41-9E99-809684427242}
	EndGlobalSection
EndGlobal
